{
  "name": "portfolio-cms",
  "version": "1.0.0",
  "lockfileVersion": 3,
  "requires": true,
  "packages": {
    "": {
      "name": "portfolio-cms",
      "version": "1.0.0",
      "devDependencies": {
        "@cloudbase/cli": "^3.5.3"
      }
    },
    "node_modules/@cloudbase/cli": {
      "version": "3.5.3",
      "resolved": "https://registry.npmjs.org/@cloudbase/cli/-/cli-3.5.3.tgz",
      "integrity": "sha512-EVAjV01EHMa8uyyXXIdx6UuDQngEPrgz0B+Sv3JUZodFer5bXs8Cgrf1TO98r8+N/8k7bd2UGxcPbp+dwTQSxA==",
      "dev": true,
      "license": "ISC",
      "bin": {
        "cloudbase": "bin/cloudbase",
        "cloudbase-mcp": "bin/cloudbase-mcp",
        "tcb": "bin/tcb"
      }
    }
  }
}
